
Microsoft Visual Studio Solution File, Format Version 12.00
# Visual Studio Version 17
VisualStudioVersion = 17.14.36518.9
MinimumVisualStudioVersion = 10.0.40219.1
Project("{FAE04EC0-301F-11D3-BF4B-00C04F79EFBC}") = "Uinsure.TechnicalTest.API", "Uinsure.TechnicalTest\Uinsure.TechnicalTest.API.csproj", "{5C7AFEBC-59ED-4E4F-94DE-B0E72508716A}"
EndProject
Project("{FAE04EC0-301F-11D3-BF4B-00C04F79EFBC}") = "Uinsure.TechnicalTest.Domain", "Uinsure.TechnicalTest.Domain\Uinsure.TechnicalTest.Domain.csproj", "{4DEF735D-8CCB-4ADF-B1CE-4EA6D1692A69}"
EndProject
Project("{FAE04EC0-301F-11D3-BF4B-00C04F79EFBC}") = "Uinsure.TechnicalTest.Common.SharedKernal", "Uninsure.TechnicalTest.Common.SharedKernal\Uinsure.TechnicalTest.Common.SharedKernal.csproj", "{BA3AEA99-0793-427D-8001-C5F1754CEC16}"
EndProject
Project("{FAE04EC0-301F-11D3-BF4B-00C04F79EFBC}") = "Uinsure.TechnicalTest.Infrastructure.EntityFramework", "Uinsure.TechnicalTest.Infrastructure.EntityFramework\Uinsure.TechnicalTest.Infrastructure.EntityFramework.csproj", "{87DC335C-3739-41D1-909A-FEBB3EA7A11B}"
EndProject
Project("{FAE04EC0-301F-11D3-BF4B-00C04F79EFBC}") = "Uinsure.TechnicalTest.Application", "Uinsure.TechnicalTest.Application\Uinsure.TechnicalTest.Application.csproj", "{65DC2389-F23D-4197-878A-8DC7EFF4D933}"
EndProject
Project("{00D1A9C2-B5F0-4AF3-8072-F6C62B433612}") = "Uinsure.TechnicalTest.Database", "Uinsure.TechnicalTest.Database\Uinsure.TechnicalTest.Database.sqlproj", "{E419343B-4779-425E-8832-19040BCA64A5}"
EndProject
Project("{2150E333-8FDC-42A3-9474-1A3956D46DE8}") = "src", "src", "{02EA681E-C7D8-13C7-8484-4AC65E1B71E8}"
EndProject
Global
	GlobalSection(SolutionConfigurationPlatforms) = preSolution
		Debug|Any CPU = Debug|Any CPU
		Release|Any CPU = Release|Any CPU
	EndGlobalSection
	GlobalSection(ProjectConfigurationPlatforms) = postSolution
		{5C7AFEBC-59ED-4E4F-94DE-B0E72508716A}.Debug|Any CPU.ActiveCfg = Debug|Any CPU
		{5C7AFEBC-59ED-4E4F-94DE-B0E72508716A}.Debug|Any CPU.Build.0 = Debug|Any CPU
		{5C7AFEBC-59ED-4E4F-94DE-B0E72508716A}.Release|Any CPU.ActiveCfg = Release|Any CPU
		{5C7AFEBC-59ED-4E4F-94DE-B0E72508716A}.Release|Any CPU.Build.0 = Release|Any CPU
		{4DEF735D-8CCB-4ADF-B1CE-4EA6D1692A69}.Debug|Any CPU.ActiveCfg = Debug|Any CPU
		{4DEF735D-8CCB-4ADF-B1CE-4EA6D1692A69}.Debug|Any CPU.Build.0 = Debug|Any CPU
		{4DEF735D-8CCB-4ADF-B1CE-4EA6D1692A69}.Release|Any CPU.ActiveCfg = Release|Any CPU
		{4DEF735D-8CCB-4ADF-B1CE-4EA6D1692A69}.Release|Any CPU.Build.0 = Release|Any CPU
		{BA3AEA99-0793-427D-8001-C5F1754CEC16}.Debug|Any CPU.ActiveCfg = Debug|Any CPU
		{BA3AEA99-0793-427D-8001-C5F1754CEC16}.Debug|Any CPU.Build.0 = Debug|Any CPU
		{BA3AEA99-0793-427D-8001-C5F1754CEC16}.Release|Any CPU.ActiveCfg = Release|Any CPU
		{BA3AEA99-0793-427D-8001-C5F1754CEC16}.Release|Any CPU.Build.0 = Release|Any CPU
		{87DC335C-3739-41D1-909A-FEBB3EA7A11B}.Debug|Any CPU.ActiveCfg = Debug|Any CPU
		{87DC335C-3739-41D1-909A-FEBB3EA7A11B}.Debug|Any CPU.Build.0 = Debug|Any CPU
		{87DC335C-3739-41D1-909A-FEBB3EA7A11B}.Release|Any CPU.ActiveCfg = Release|Any CPU
		{87DC335C-3739-41D1-909A-FEBB3EA7A11B}.Release|Any CPU.Build.0 = Release|Any CPU
		{65DC2389-F23D-4197-878A-8DC7EFF4D933}.Debug|Any CPU.ActiveCfg = Debug|Any CPU
		{65DC2389-F23D-4197-878A-8DC7EFF4D933}.Debug|Any CPU.Build.0 = Debug|Any CPU
		{65DC2389-F23D-4197-878A-8DC7EFF4D933}.Release|Any CPU.ActiveCfg = Release|Any CPU
		{65DC2389-F23D-4197-878A-8DC7EFF4D933}.Release|Any CPU.Build.0 = Release|Any CPU
		{E419343B-4779-425E-8832-19040BCA64A5}.Debug|Any CPU.ActiveCfg = Debug|Any CPU
		{E419343B-4779-425E-8832-19040BCA64A5}.Debug|Any CPU.Build.0 = Debug|Any CPU
		{E419343B-4779-425E-8832-19040BCA64A5}.Debug|Any CPU.Deploy.0 = Debug|Any CPU
		{E419343B-4779-425E-8832-19040BCA64A5}.Release|Any CPU.ActiveCfg = Release|Any CPU
		{E419343B-4779-425E-8832-19040BCA64A5}.Release|Any CPU.Build.0 = Release|Any CPU
		{E419343B-4779-425E-8832-19040BCA64A5}.Release|Any CPU.Deploy.0 = Release|Any CPU
	EndGlobalSection
	GlobalSection(SolutionProperties) = preSolution
		HideSolutionNode = FALSE
	EndGlobalSection
	GlobalSection(NestedProjects) = preSolution
		{5C7AFEBC-59ED-4E4F-94DE-B0E72508716A} = {02EA681E-C7D8-13C7-8484-4AC65E1B71E8}
		{4DEF735D-8CCB-4ADF-B1CE-4EA6D1692A69} = {02EA681E-C7D8-13C7-8484-4AC65E1B71E8}
		{BA3AEA99-0793-427D-8001-C5F1754CEC16} = {02EA681E-C7D8-13C7-8484-4AC65E1B71E8}
		{87DC335C-3739-41D1-909A-FEBB3EA7A11B} = {02EA681E-C7D8-13C7-8484-4AC65E1B71E8}
		{65DC2389-F23D-4197-878A-8DC7EFF4D933} = {02EA681E-C7D8-13C7-8484-4AC65E1B71E8}
		{E419343B-4779-425E-8832-19040BCA64A5} = {02EA681E-C7D8-13C7-8484-4AC65E1B71E8}
	EndGlobalSection
	GlobalSection(ExtensibilityGlobals) = postSolution
		SolutionGuid = {08AC199E-3B8F-4A7B-8211-B8CC704BF560}
	EndGlobalSection
EndGlobal
